
Microsoft Visual Studio Solution File, Format Version 12.00
# Visual Studio Version 17
VisualStudioVersion = 17.12.35707.178
MinimumVisualStudioVersion = 10.0.40219.1
Project("{FAE04EC0-301F-11D3-BF4B-00C04F79EFBC}") = "TP5_GRUPO_10", "TP5_GRUPO_10\TP5_GRUPO_10.csproj", "{5D312DF0-F77B-4B8C-93DC-F450F85325C9}"
EndProject
Global
	GlobalSection(SolutionConfigurationPlatforms) = preSolution
		Debug|Any CPU = Debug|Any CPU
		Release|Any CPU = Release|Any CPU
	EndGlobalSection
	GlobalSection(ProjectConfigurationPlatforms) = postSolution
		{5D312DF0-F77B-4B8C-93DC-F450F85325C9}.Debug|Any CPU.ActiveCfg = Debug|Any CPU
		{5D312DF0-F77B-4B8C-93DC-F450F85325C9}.Debug|Any CPU.Build.0 = Debug|Any CPU
		{5D312DF0-F77B-4B8C-93DC-F450F85325C9}.Release|Any CPU.ActiveCfg = Release|Any CPU
		{5D312DF0-F77B-4B8C-93DC-F450F85325C9}.Release|Any CPU.Build.0 = Release|Any CPU
	EndGlobalSection
	GlobalSection(SolutionProperties) = preSolution
		HideSolutionNode = FALSE
	EndGlobalSection
	GlobalSection(ExtensibilityGlobals) = postSolution
		SolutionGuid = {5749A687-14CD-44C7-A6F4-84ECA1C84BDE}
	EndGlobalSection
EndGlobal
